PODS:
  - GoogleWebRTC (1.1.31999)
  - NWWebSocket (0.5.2)

DEPENDENCIES:
  - GoogleWebRTC
  - NWWebSocket

SPEC REPOS:
  trunk:
    - GoogleWebRTC
    - NWWebSocket

SPEC CHECKSUMS:
  GoogleWebRTC: b39a78c4f5cc6b0323415b9233db03a2faa7b0f0
  NWWebSocket: 21f0c73639815da3272862c912275b26102aa80c

PODFILE CHECKSUM: a14fe0364fd7f2dfa065fa97ad5c8059e4e626b3

COCOAPODS: 1.10.1
